<?xml version="1.0" encoding="utf-8"?>
<Project ToolsVersion="4.0" xmlns="http://schemas.microsoft.com/developer/msbuild/2003">
  <ItemGroup>
    <Filter Include="Source Files">
      <UniqueIdentifier>{4FC737F1-C7A5-4376-A066-2A32D752A2FF}</UniqueIdentifier>
      <Extensions>cpp;c;cc;cxx;def;odl;idl;hpj;bat;asm;asmx</Extensions>
    </Filter>
    <Filter Include="Class Diagram">
      <UniqueIdentifier>{874141c8-0f96-49d1-b9b9-1b27e442506a}</UniqueIdentifier>
    </Filter>
    <Filter Include="Source Files\PLATFORM">
      <UniqueIdentifier>{0d8edcce-8cb3-44b9-9a69-0890fb2fa8d4}</UniqueIdentifier>
    </Filter>
    <Filter Include="Header Files">
      <UniqueIdentifier>{22c65223-264c-4494-915a-35960abe203b}</UniqueIdentifier>
    </Filter>
    <Filter Include="Header Files\PLATFORM">
      <UniqueIdentifier>{9ebfe9f9-2555-4867-980f-9b59469d21c7}</UniqueIdentifier>
    </Filter>
    <Filter Include="BACKLOG">
      <UniqueIdentifier>{9f7e362c-d155-4066-8d74-07555fb7d4d8}</UniqueIdentifier>
    </Filter>
  </ItemGroup>
  <ItemGroup>
    <ClInclude Include="INC\GIPlatformVk.h">
      <Filter>Header Files\PLATFORM</Filter>
    </ClInclude>
    <ClInclude Include="INC\GIWindowsPlatformVk.h">
      <Filter>Header Files\PLATFORM</Filter>
    </ClInclude>
    <ClInclude Include="INC\GIGenericPlatformVk.h">
      <Filter>Header Files\PLATFORM</Filter>
    </ClInclude>
    <ClInclude Include="INC\GIAndroidPlatformVk.h">
      <Filter>Header Files\PLATFORM</Filter>
    </ClInclude>
    <ClInclude Include="INC\GICommandBufferVk.h">
      <Filter>Header Files</Filter>
    </ClInclude>
    <ClInclude Include="INC\GICommandPoolVk.h">
      <Filter>Header Files</Filter>
    </ClInclude>
    <ClInclude Include="INC\GICommonVk.h">
      <Filter>Header Files</Filter>
    </ClInclude>
    <ClInclude Include="INC\GIDeviceObjectVk.h">
      <Filter>Header Files</Filter>
    </ClInclude>
    <ClInclude Include="INC\GIDeviceVk.h">
      <Filter>Header Files</Filter>
    </ClInclude>
    <ClInclude Include="INC\GIFramebufferVk.h">
      <Filter>Header Files</Filter>
    </ClInclude>
    <ClInclude Include="INC\GIPipelineCacheVk.h">
      <Filter>Header Files</Filter>
    </ClInclude>
    <ClInclude Include="INC\GIRenderPassVk.h">
      <Filter>Header Files</Filter>
    </ClInclude>
    <ClInclude Include="INC\GISwapchainVk.h">
      <Filter>Header Files</Filter>
    </ClInclude>
    <ClInclude Include="INC\GIDescriptorPoolVk.h">
      <Filter>Header Files</Filter>
    </ClInclude>
    <ClInclude Include="INC\GIDescriptorSetVk.h">
      <Filter>Header Files</Filter>
    </ClInclude>
    <ClInclude Include="INC\GIDeviceContextVk.h">
      <Filter>Header Files</Filter>
    </ClInclude>
    <ClInclude Include="INC\GIPipelineVk.h">
      <Filter>Header Files</Filter>
    </ClInclude>
    <ClInclude Include="INC\GIPipelineLayoutVk.h">
      <Filter>Header Files</Filter>
    </ClInclude>
    <ClInclude Include="INC\GIDescriptorSetLayoutVk.h">
      <Filter>Header Files</Filter>
    </ClInclude>
    <ClInclude Include="INC\GIBufferVk.h">
      <Filter>Header Files</Filter>
    </ClInclude>
    <ClInclude Include="INC\GIVertexBufferVk.h">
      <Filter>Header Files</Filter>
    </ClInclude>
    <ClInclude Include="INC\GIIndexBufferVk.h">
      <Filter>Header Files</Filter>
    </ClInclude>
    <ClInclude Include="INC\GIDeviceMemoryPoolVk.h">
      <Filter>Header Files</Filter>
    </ClInclude>
    <ClInclude Include="INC\GIVertexLayoutVk.h">
      <Filter>Header Files</Filter>
    </ClInclude>
    <ClInclude Include="INC\GIBufferViewVk.h">
      <Filter>Header Files</Filter>
    </ClInclude>
    <ClInclude Include="INC\GITextureVk.h">
      <Filter>Header Files</Filter>
    </ClInclude>
    <ClInclude Include="INC\GITextureViewVk.h">
      <Filter>Header Files</Filter>
    </ClInclude>
    <ClInclude Include="INC\GISamplerVk.h">
      <Filter>Header Files</Filter>
    </ClInclude>
    <ClInclude Include="INC\GIShaderReflectionVk.h">
      <Filter>Header Files</Filter>
    </ClInclude>
    <ClInclude Include="INC\GIShaderVariableVk.h">
      <Filter>Header Files</Filter>
    </ClInclude>
    <ClInclude Include="INC\GIInstanceVk.h">
      <Filter>Header Files</Filter>
    </ClInclude>
    <ClInclude Include="INC\GIDescriptorBindingVk.h">
      <Filter>Header Files</Filter>
    </ClInclude>
    <ClInclude Include="INC\GIResourceVk.h">
      <Filter>Header Files</Filter>
    </ClInclude>
    <ClInclude Include="INC\GIResourceStateVk.h">
      <Filter>Header Files</Filter>
    </ClInclude>
    <ClInclude Include="INC\GICommandQueueVk.h">
      <Filter>Header Files</Filter>
    </ClInclude>
    <ClInclude Include="INC\GIPipelineDynamicStateVk.h">
      <Filter>Header Files</Filter>
    </ClInclude>
    <ClInclude Include="INC\GIBufferBuilderVk.h">
      <Filter>Header Files</Filter>
    </ClInclude>
    <ClInclude Include="INC\GIDeviceBuilderVk.h">
      <Filter>Header Files</Filter>
    </ClInclude>
    <ClInclude Include="INC\GIFramebufferBuilderVk.h">
      <Filter>Header Files</Filter>
    </ClInclude>
    <ClInclude Include="INC\GIInstanceBuilderVk.h">
      <Filter>Header Files</Filter>
    </ClInclude>
    <ClInclude Include="INC\GIPipelineBuilderVk.h">
      <Filter>Header Files</Filter>
    </ClInclude>
    <ClInclude Include="INC\GIRenderPassBuilderVk.h">
      <Filter>Header Files</Filter>
    </ClInclude>
    <ClInclude Include="INC\GISamplerBuilderVk.h">
      <Filter>Header Files</Filter>
    </ClInclude>
    <ClInclude Include="INC\GIShaderReflectionBuilderVk.h">
      <Filter>Header Files</Filter>
    </ClInclude>
    <ClInclude Include="INC\GISwapchainBuilderVk.h">
      <Filter>Header Files</Filter>
    </ClInclude>
    <ClInclude Include="INC\GITextureBuilderVk.h">
      <Filter>Header Files</Filter>
    </ClInclude>
    <ClInclude Include="INC\GIDynamicBlendConstantsVk.h">
      <Filter>Header Files</Filter>
    </ClInclude>
    <ClInclude Include="INC\GIDynamicDepthBiasVk.h">
      <Filter>Header Files</Filter>
    </ClInclude>
    <ClInclude Include="INC\GIDynamicDepthBoundsVk.h">
      <Filter>Header Files</Filter>
    </ClInclude>
    <ClInclude Include="INC\GIDynamicLineWidthVk.h">
      <Filter>Header Files</Filter>
    </ClInclude>
    <ClInclude Include="INC\GIDynamicScissorVk.h">
      <Filter>Header Files</Filter>
    </ClInclude>
    <ClInclude Include="INC\GIDynamicStencilCompareMaskVk.h">
      <Filter>Header Files</Filter>
    </ClInclude>
    <ClInclude Include="INC\GIDynamicStencilReferenceVk.h">
      <Filter>Header Files</Filter>
    </ClInclude>
    <ClInclude Include="INC\GIDynamicStencilWriteMaskVk.h">
      <Filter>Header Files</Filter>
    </ClInclude>
    <ClInclude Include="INC\GIDynamicViewportVk.h">
      <Filter>Header Files</Filter>
    </ClInclude>
  </ItemGroup>
  <ItemGroup>
    <ClCompile Include="SRC\GIAndroidPlatformVk.cpp">
      <Filter>Source Files\PLATFORM</Filter>
    </ClCompile>
    <ClCompile Include="SRC\GIWindowsPlatformVk.cpp">
      <Filter>Source Files\PLATFORM</Filter>
    </ClCompile>
    <ClCompile Include="SRC\GICommandPoolVk.cpp">
      <Filter>Source Files</Filter>
    </ClCompile>
    <ClCompile Include="SRC\GICommonVk.cpp">
      <Filter>Source Files</Filter>
    </ClCompile>
    <ClCompile Include="SRC\GIDeviceObjectVk.cpp">
      <Filter>Source Files</Filter>
    </ClCompile>
    <ClCompile Include="SRC\GIDeviceVk.cpp">
      <Filter>Source Files</Filter>
    </ClCompile>
    <ClCompile Include="SRC\GIFramebufferVk.cpp">
      <Filter>Source Files</Filter>
    </ClCompile>
    <ClCompile Include="SRC\GIPipelineCacheVk.cpp">
      <Filter>Source Files</Filter>
    </ClCompile>
    <ClCompile Include="SRC\GIRenderPassVk.cpp">
      <Filter>Source Files</Filter>
    </ClCompile>
    <ClCompile Include="SRC\GISwapchainVk.cpp">
      <Filter>Source Files</Filter>
    </ClCompile>
    <ClCompile Include="SRC\GIPipelineVk.cpp">
      <Filter>Source Files</Filter>
    </ClCompile>
    <ClCompile Include="SRC\GIDescriptorSetLayoutVk.cpp">
      <Filter>Source Files</Filter>
    </ClCompile>
    <ClCompile Include="SRC\GIPipelineLayoutVk.cpp">
      <Filter>Source Files</Filter>
    </ClCompile>
    <ClCompile Include="SRC\GIDescriptorSetVk.cpp">
      <Filter>Source Files</Filter>
    </ClCompile>
    <ClCompile Include="SRC\GIDescriptorPoolVk.cpp">
      <Filter>Source Files</Filter>
    </ClCompile>
    <ClCompile Include="SRC\GICommandBufferVk.cpp">
      <Filter>Source Files</Filter>
    </ClCompile>
    <ClCompile Include="SRC\GIBufferVk.cpp">
      <Filter>Source Files</Filter>
    </ClCompile>
    <ClCompile Include="SRC\GIBufferViewVk.cpp">
      <Filter>Source Files</Filter>
    </ClCompile>
    <ClCompile Include="SRC\GIVertexLayoutVk.cpp">
      <Filter>Source Files</Filter>
    </ClCompile>
    <ClCompile Include="SRC\GIVertexBufferVk.cpp">
      <Filter>Source Files</Filter>
    </ClCompile>
    <ClCompile Include="SRC\GIIndexBufferVk.cpp">
      <Filter>Source Files</Filter>
    </ClCompile>
    <ClCompile Include="SRC\GIShaderVariableVk.cpp">
      <Filter>Source Files</Filter>
    </ClCompile>
    <ClCompile Include="SRC\GIInstanceVk.cpp">
      <Filter>Source Files</Filter>
    </ClCompile>
    <ClCompile Include="SRC\GIShaderReflectionVk.cpp">
      <Filter>Source Files</Filter>
    </ClCompile>
    <ClCompile Include="SRC\GIDescriptorBindingVk.cpp">
      <Filter>Source Files</Filter>
    </ClCompile>
    <ClCompile Include="SRC\GIDeviceResourceVk.cpp">
      <Filter>Source Files</Filter>
    </ClCompile>
    <ClCompile Include="SRC\GISamplerVk.cpp">
      <Filter>Source Files</Filter>
    </ClCompile>
    <ClCompile Include="SRC\GITextureVk.cpp">
      <Filter>Source Files</Filter>
    </ClCompile>
    <ClCompile Include="SRC\GITextureViewVk.cpp">
      <Filter>Source Files</Filter>
    </ClCompile>
    <ClCompile Include="SRC\GIResourceStateVk.cpp">
      <Filter>Source Files</Filter>
    </ClCompile>
    <ClCompile Include="SRC\GICommandQueueVk.cpp">
      <Filter>Source Files</Filter>
    </ClCompile>
    <ClCompile Include="SRC\GIDynamicViewportStateVk.cpp">
      <Filter>Source Files</Filter>
    </ClCompile>
    <ClCompile Include="SRC\GIDynamicScissorStateVk.cpp">
      <Filter>Source Files</Filter>
    </ClCompile>
    <ClCompile Include="SRC\GIBufferBuilderVk.cpp">
      <Filter>Source Files</Filter>
    </ClCompile>
    <ClCompile Include="SRC\GITextureBuilderVk.cpp">
      <Filter>Source Files</Filter>
    </ClCompile>
    <ClCompile Include="SRC\GIDeviceBuilderVk.cpp">
      <Filter>Source Files</Filter>
    </ClCompile>
    <ClCompile Include="SRC\GIFramebufferBuilderVk.cpp">
      <Filter>Source Files</Filter>
    </ClCompile>
    <ClCompile Include="SRC\GIInstanceBuilderVk.cpp">
      <Filter>Source Files</Filter>
    </ClCompile>
    <ClCompile Include="SRC\GIPipelineBuilderVk.cpp">
      <Filter>Source Files</Filter>
    </ClCompile>
    <ClCompile Include="SRC\GIRenderPassBuilderVk.cpp">
      <Filter>Source Files</Filter>
    </ClCompile>
    <ClCompile Include="SRC\GISamplerBuilderVk.cpp">
      <Filter>Source Files</Filter>
    </ClCompile>
    <ClCompile Include="SRC\GISwapchainBuilderVk.cpp">
      <Filter>Source Files</Filter>
    </ClCompile>
    <ClCompile Include="SRC\GIShaderReflectionBuilderVk.cpp">
      <Filter>Source Files</Filter>
    </ClCompile>
    <ClCompile Include="SRC\GIDeviceContextVk.cpp">
      <Filter>Source Files</Filter>
    </ClCompile>
    <ClCompile Include="SRC\GIDynamicLineWidthStateVk.cpp">
      <Filter>Source Files</Filter>
    </ClCompile>
    <ClCompile Include="SRC\GIDynamicBlendConstantsVk.cpp">
      <Filter>Source Files</Filter>
    </ClCompile>
    <ClCompile Include="SRC\GIDynamicDepthBiasVk.cpp">
      <Filter>Source Files</Filter>
    </ClCompile>
  </ItemGroup>
  <ItemGroup>
    <None Include="AcadRHI-Vulkan Class Diagram.cd">
      <Filter>Class Diagram</Filter>
    </None>
  </ItemGroup>
</Project>