<?xml version="1.0" encoding="utf-8"?>
<Project ToolsVersion="4.0" xmlns="http://schemas.microsoft.com/developer/msbuild/2003">
  <ItemGroup>
    <Filter Include="Source Files">
      <UniqueIdentifier>{4FC737F1-C7A5-4376-A066-2A32D752A2FF}</UniqueIdentifier>
      <Extensions>cpp;c;cc;cxx;def;odl;idl;hpj;bat;asm;asmx</Extensions>
    </Filter>
    <Filter Include="Header Files">
      <UniqueIdentifier>{961239c5-eb8f-4ed0-8e91-4e080e897aa7}</UniqueIdentifier>
    </Filter>
    <Filter Include="API">
      <UniqueIdentifier>{93995380-89BD-4b04-88EB-625FBE52EBFB}</UniqueIdentifier>
      <Extensions>h;hh;hpp;hxx;hm;inl;inc;ipp;xsd</Extensions>
    </Filter>
    <Filter Include="API\Common">
      <UniqueIdentifier>{e35f006d-cd48-4132-bb8d-29c80093053c}</UniqueIdentifier>
    </Filter>
    <Filter Include="API\Core">
      <UniqueIdentifier>{9286fdf1-e520-4f05-af62-3ce67989f8ba}</UniqueIdentifier>
    </Filter>
    <Filter Include="API\Graphics">
      <UniqueIdentifier>{9c79ea90-57ee-4126-98b6-d27553f0e3a4}</UniqueIdentifier>
    </Filter>
    <Filter Include="Header Files\Common">
      <UniqueIdentifier>{7ade3588-6fda-434d-977d-e52a89e371e2}</UniqueIdentifier>
    </Filter>
    <Filter Include="Header Files\Common\Platform">
      <UniqueIdentifier>{6c65186d-bbb1-47e1-b0d7-c0766245d2ca}</UniqueIdentifier>
    </Filter>
    <Filter Include="Source Files\Common">
      <UniqueIdentifier>{2760af93-a729-43f4-ab6c-4d4623f51f89}</UniqueIdentifier>
    </Filter>
    <Filter Include="Source Files\Common\Platform">
      <UniqueIdentifier>{3af7a0b3-19eb-4f21-9401-e4c5005ebc9f}</UniqueIdentifier>
    </Filter>
    <Filter Include="Source Files\Core">
      <UniqueIdentifier>{abe7d278-5e94-4670-b19a-f6f0b6124339}</UniqueIdentifier>
    </Filter>
    <Filter Include="Source Files\Graphics">
      <UniqueIdentifier>{93e96436-0a60-410f-b70f-8e0053f72883}</UniqueIdentifier>
    </Filter>
  </ItemGroup>
  <ItemGroup>
    <ClInclude Include="..\..\Include\ZHUENGINE\Common\BasicTypes.h">
      <Filter>API\Common</Filter>
    </ClInclude>
    <ClInclude Include="..\..\Include\ZHUENGINE\Common\Config.h">
      <Filter>API\Common</Filter>
    </ClInclude>
    <ClInclude Include="..\..\Include\ZHUENGINE\Common\ConstExpr.h">
      <Filter>API\Common</Filter>
    </ClInclude>
    <ClInclude Include="..\..\Include\ZHUENGINE\Common\Delegate.h">
      <Filter>API\Common</Filter>
    </ClInclude>
    <ClInclude Include="..\..\Include\ZHUENGINE\Common\DelegatedValue.h">
      <Filter>API\Common</Filter>
    </ClInclude>
    <ClInclude Include="..\..\Include\ZHUENGINE\Common\EnumClass.h">
      <Filter>API\Common</Filter>
    </ClInclude>
    <ClInclude Include="..\..\Include\ZHUENGINE\Common\IEvent.h">
      <Filter>API\Common</Filter>
    </ClInclude>
    <ClInclude Include="..\..\Include\ZHUENGINE\Common\Invoker.h">
      <Filter>API\Common</Filter>
    </ClInclude>
    <ClInclude Include="..\..\Include\ZHUENGINE\Common\IObserver.h">
      <Filter>API\Common</Filter>
    </ClInclude>
    <ClInclude Include="..\..\Include\ZHUENGINE\Common\NonCopyable.h">
      <Filter>API\Common</Filter>
    </ClInclude>
    <ClInclude Include="..\..\Include\ZHUENGINE\Common\Object.h">
      <Filter>API\Common</Filter>
    </ClInclude>
    <ClInclude Include="..\..\Include\ZHUENGINE\Common\ObjectFactory.h">
      <Filter>API\Common</Filter>
    </ClInclude>
    <ClInclude Include="..\..\Include\ZHUENGINE\Common\Time.h">
      <Filter>API\Common</Filter>
    </ClInclude>
    <ClInclude Include="..\..\Include\ZHUENGINE\Core\Engine.h">
      <Filter>API\Core</Filter>
    </ClInclude>
    <ClInclude Include="..\..\Include\ZHUENGINE\Core\IModule.h">
      <Filter>API\Core</Filter>
    </ClInclude>
    <ClInclude Include="..\..\Include\ZHUENGINE\Core\IRenderer.h">
      <Filter>API\Core</Filter>
    </ClInclude>
    <ClInclude Include="..\..\Include\ZHUENGINE\Core\ModuleManager.h">
      <Filter>API\Core</Filter>
    </ClInclude>
    <ClInclude Include="..\..\Include\ZHUENGINE\Core\Timers.h">
      <Filter>API\Core</Filter>
    </ClInclude>
    <ClInclude Include="..\..\Include\ZHUENGINE\Graphics\BasicPrimitives.h">
      <Filter>API\Graphics</Filter>
    </ClInclude>
    <ClInclude Include="..\..\Include\ZHUENGINE\Graphics\Math3D.h">
      <Filter>API\Graphics</Filter>
    </ClInclude>
    <ClInclude Include="Common\FPSCounter.h">
      <Filter>Header Files\Common</Filter>
    </ClInclude>
    <ClInclude Include="Common\String.h">
      <Filter>Header Files\Common</Filter>
    </ClInclude>
    <ClInclude Include="Common\ThreadPool.h">
      <Filter>Header Files\Common</Filter>
    </ClInclude>
    <ClInclude Include="Common\Platform\OS.h">
      <Filter>Header Files\Common\Platform</Filter>
    </ClInclude>
    <ClInclude Include="..\..\Include\ZHUENGINE\Common\Log.h">
      <Filter>API\Common</Filter>
    </ClInclude>
    <ClInclude Include="..\..\Include\ZHUENGINE\Common\WindowsFiles.h">
      <Filter>API\Common</Filter>
    </ClInclude>
    <ClInclude Include="..\..\Include\ZHUENGINE\Common\TimeDelta.h">
      <Filter>API\Common</Filter>
    </ClInclude>
    <ClInclude Include="..\..\Include\ZHUENGINE\Common\Timer.h">
      <Filter>API\Common</Filter>
    </ClInclude>
    <ClInclude Include="ZHUENGINE_PCH.h">
      <Filter>Header Files</Filter>
    </ClInclude>
  </ItemGroup>
  <ItemGroup>
    <ClCompile Include="Common\Platform\OS_Win32.cpp">
      <Filter>Source Files\Common\Platform</Filter>
    </ClCompile>
    <ClCompile Include="Common\Log.cpp">
      <Filter>Source Files\Common</Filter>
    </ClCompile>
    <ClCompile Include="Common\Object.cpp">
      <Filter>Source Files\Common</Filter>
    </ClCompile>
    <ClCompile Include="Common\String.cpp">
      <Filter>Source Files\Common</Filter>
    </ClCompile>
    <ClCompile Include="Common\ThreadPool.cpp">
      <Filter>Source Files\Common</Filter>
    </ClCompile>
    <ClCompile Include="Common\Time.cpp">
      <Filter>Source Files\Common</Filter>
    </ClCompile>
    <ClCompile Include="Core\Engine.cpp">
      <Filter>Source Files\Core</Filter>
    </ClCompile>
    <ClCompile Include="Core\ModuleManager.cpp">
      <Filter>Source Files\Core</Filter>
    </ClCompile>
    <ClCompile Include="Core\Timers.cpp">
      <Filter>Source Files\Core</Filter>
    </ClCompile>
    <ClCompile Include="Graphics\Math3D.cpp">
      <Filter>Source Files\Graphics</Filter>
    </ClCompile>
    <ClCompile Include="ZHUENGINE_PCH.cpp">
      <Filter>Source Files</Filter>
    </ClCompile>
  </ItemGroup>
</Project>