<?xml version="1.0" encoding="utf-8"?>
<Project ToolsVersion="4.0" xmlns="http://schemas.microsoft.com/developer/msbuild/2003">
  <ItemGroup>
    <Filter Include="Source Files">
      <UniqueIdentifier>{4FC737F1-C7A5-4376-A066-2A32D752A2FF}</UniqueIdentifier>
      <Extensions>cpp;c;cc;cxx;def;odl;idl;hpj;bat;asm;asmx</Extensions>
    </Filter>
    <Filter Include="Header Files">
      <UniqueIdentifier>{93995380-89BD-4b04-88EB-625FBE52EBFB}</UniqueIdentifier>
      <Extensions>h;hh;hpp;hxx;hm;inl;inc;ipp;xsd</Extensions>
    </Filter>
    <Filter Include="Header Files\GUI">
      <UniqueIdentifier>{8ac31a49-847a-459c-94b3-f7e30333b03c}</UniqueIdentifier>
    </Filter>
    <Filter Include="Header Files\Common">
      <UniqueIdentifier>{ce4aa74f-a728-40c5-a4e5-a00c791959a3}</UniqueIdentifier>
    </Filter>
    <Filter Include="Header Files\Signal">
      <UniqueIdentifier>{4aa92c6f-98f8-4d8a-8a1a-c2aa153c2542}</UniqueIdentifier>
    </Filter>
    <Filter Include="Header Files\Geometry">
      <UniqueIdentifier>{4ff0fc5f-2ea3-494f-8015-fa1e7e5a1168}</UniqueIdentifier>
    </Filter>
    <Filter Include="Header Files\Graphics">
      <UniqueIdentifier>{46a2bab5-d54c-4039-8949-fc405a9fa63a}</UniqueIdentifier>
    </Filter>
    <Filter Include="Header Files\Geometry\Algebra">
      <UniqueIdentifier>{018a239a-be82-4cf6-86a0-0dd28fd68a50}</UniqueIdentifier>
    </Filter>
  </ItemGroup>
  <ItemGroup>
    <ClInclude Include="include\Engine\GUI\Window.h">
      <Filter>Header Files\GUI</Filter>
    </ClInclude>
    <ClInclude Include="include\Engine\Common\Config.h">
      <Filter>Header Files\Common</Filter>
    </ClInclude>
    <ClInclude Include="include\Engine\Common\NonCopyable.h">
      <Filter>Header Files\Common</Filter>
    </ClInclude>
    <ClInclude Include="include\Engine\Signal\Function.h">
      <Filter>Header Files\Signal</Filter>
    </ClInclude>
    <ClInclude Include="include\Engine\Signal\Mutex.h">
      <Filter>Header Files\Signal</Filter>
    </ClInclude>
    <ClInclude Include="include\Engine\Signal\Observer.h">
      <Filter>Header Files\Signal</Filter>
    </ClInclude>
    <ClInclude Include="include\Engine\Signal\Signal.h">
      <Filter>Header Files\Signal</Filter>
    </ClInclude>
    <ClInclude Include="include\Engine\Common\Image.h">
      <Filter>Header Files\Common</Filter>
    </ClInclude>
    <ClInclude Include="include\Engine\GUI\WindowBase.h">
      <Filter>Header Files\GUI</Filter>
    </ClInclude>
    <ClInclude Include="include\Engine\Geometry\Algebra\AxisAngle.h">
      <Filter>Header Files\Geometry\Algebra</Filter>
    </ClInclude>
    <ClInclude Include="include\Engine\Common\Math.h">
      <Filter>Header Files\Common</Filter>
    </ClInclude>
  </ItemGroup>
  <ItemGroup>
    <ClCompile Include="source\Window.cpp">
      <Filter>Source Files</Filter>
    </ClCompile>
    <ClCompile Include="source\Config.cpp">
      <Filter>Source Files</Filter>
    </ClCompile>
    <ClCompile Include="source\Image.cpp">
      <Filter>Source Files</Filter>
    </ClCompile>
    <ClCompile Include="source\compile_stb_image.cpp">
      <Filter>Source Files</Filter>
    </ClCompile>
    <ClCompile Include="source\dllmain.cpp">
      <Filter>Source Files</Filter>
    </ClCompile>
  </ItemGroup>
</Project>