<?xml version="1.0" encoding="utf-8"?>
<Project ToolsVersion="4.0" xmlns="http://schemas.microsoft.com/developer/msbuild/2003">
  <ItemGroup>
    <Filter Include="Source Files">
      <UniqueIdentifier>{4FC737F1-C7A5-4376-A066-2A32D752A2FF}</UniqueIdentifier>
      <Extensions>cpp;c;cc;cxx;def;odl;idl;hpj;bat;asm;asmx</Extensions>
    </Filter>
    <Filter Include="Header Files">
      <UniqueIdentifier>{93995380-89BD-4b04-88EB-625FBE52EBFB}</UniqueIdentifier>
      <Extensions>h;hh;hpp;hxx;hm;inl;inc;ipp;xsd</Extensions>
    </Filter>
    <Filter Include="Header Files\Graphics">
      <UniqueIdentifier>{46a2bab5-d54c-4039-8949-fc405a9fa63a}</UniqueIdentifier>
    </Filter>
    <Filter Include="Header Files\Geometry">
      <UniqueIdentifier>{22110103-3c65-411b-adbb-e07455612dc6}</UniqueIdentifier>
    </Filter>
    <Filter Include="Source Files\Graphics">
      <UniqueIdentifier>{187ebacf-67e2-454d-ad92-19864ed8c6a8}</UniqueIdentifier>
    </Filter>
    <Filter Include="Header Files\Utils">
      <UniqueIdentifier>{ce4aa74f-a728-40c5-a4e5-a00c791959a3}</UniqueIdentifier>
    </Filter>
    <Filter Include="Source Files\Utils">
      <UniqueIdentifier>{630a1990-c7a4-4788-a1f1-9f0c3ddd3be4}</UniqueIdentifier>
    </Filter>
    <Filter Include="Source Files\Geometry">
      <UniqueIdentifier>{c6050bab-f84c-41e5-9f97-e6293911fefc}</UniqueIdentifier>
    </Filter>
    <Filter Include="Source Files\RHI">
      <UniqueIdentifier>{da69e588-a653-4d8e-8b6d-a4174e37a713}</UniqueIdentifier>
    </Filter>
    <Filter Include="Header Files\RHI">
      <UniqueIdentifier>{df7fd9ea-6e01-48bc-bcfe-6c8be680b7a6}</UniqueIdentifier>
    </Filter>
    <Filter Include="Header Files\Utils\Platform">
      <UniqueIdentifier>{036d5417-7cbd-44cb-aab8-432d37907c0d}</UniqueIdentifier>
    </Filter>
    <Filter Include="Header Files\RHI\D3D12">
      <UniqueIdentifier>{2d5a95ff-5e9c-4f49-8eaa-b9b83c1f5368}</UniqueIdentifier>
    </Filter>
    <Filter Include="Source Files\Utils\Platform">
      <UniqueIdentifier>{38d86324-4b26-463d-bf64-289f65c0aec1}</UniqueIdentifier>
    </Filter>
    <Filter Include="Resources">
      <UniqueIdentifier>{508adfeb-6d2d-48e2-946d-badf2b58a743}</UniqueIdentifier>
    </Filter>
    <Filter Include="Header Files\Utils\Signal">
      <UniqueIdentifier>{fa50cc43-1c31-4322-a9fe-8f6adf069ebb}</UniqueIdentifier>
    </Filter>
  </ItemGroup>
  <ItemGroup>
    <ClInclude Include="include\ApplicationBase.h">
      <Filter>Header Files</Filter>
    </ClInclude>
    <ClInclude Include="include\Engine.h">
      <Filter>Header Files</Filter>
    </ClInclude>
    <ClInclude Include="include\EngineConfig.h">
      <Filter>Header Files</Filter>
    </ClInclude>
    <ClInclude Include="include\Framework.h">
      <Filter>Header Files</Filter>
    </ClInclude>
    <ClInclude Include="include\Graphics\Region.h">
      <Filter>Header Files\Graphics</Filter>
    </ClInclude>
    <ClInclude Include="include\RHI\Formats.h">
      <Filter>Header Files\RHI</Filter>
    </ClInclude>
    <ClInclude Include="include\Utils\Platform\OS.h">
      <Filter>Header Files\Utils\Platform</Filter>
    </ClInclude>
    <ClInclude Include="include\RHI\D3D12\EngineD3D12.h">
      <Filter>Header Files\RHI\D3D12</Filter>
    </ClInclude>
    <ClInclude Include="include\Utils\Bitmap.h">
      <Filter>Header Files\Utils</Filter>
    </ClInclude>
    <ClInclude Include="include\Utils\Window.h">
      <Filter>Header Files\Utils</Filter>
    </ClInclude>
    <ClInclude Include="include\Utils\String.h">
      <Filter>Header Files\Utils</Filter>
    </ClInclude>
    <ClInclude Include="include\Utils\Platform\MonitorInfo.h">
      <Filter>Header Files\Utils\Platform</Filter>
    </ClInclude>
    <ClInclude Include="source\resource.h">
      <Filter>Resources</Filter>
    </ClInclude>
    <ClInclude Include="include\Utils\Signal\Function.h">
      <Filter>Header Files\Utils\Signal</Filter>
    </ClInclude>
    <ClInclude Include="include\Utils\Signal\Mutex.h">
      <Filter>Header Files\Utils\Signal</Filter>
    </ClInclude>
    <ClInclude Include="include\Utils\Signal\Observer.h">
      <Filter>Header Files\Utils\Signal</Filter>
    </ClInclude>
    <ClInclude Include="include\Utils\Signal\Signal.h">
      <Filter>Header Files\Utils\Signal</Filter>
    </ClInclude>
    <ClInclude Include="include\Utils\Object.h">
      <Filter>Header Files\Utils</Filter>
    </ClInclude>
  </ItemGroup>
  <ItemGroup>
    <ClCompile Include="source\RHI\Formats.cpp">
      <Filter>Source Files\RHI</Filter>
    </ClCompile>
    <ClCompile Include="source\Utils\compile_stb_image.cpp">
      <Filter>Source Files\Utils</Filter>
    </ClCompile>
    <ClCompile Include="source\dllmain.cpp">
      <Filter>Source Files</Filter>
    </ClCompile>
    <ClCompile Include="source\Utils\Window.cpp">
      <Filter>Source Files\Utils</Filter>
    </ClCompile>
    <ClCompile Include="source\Utils\Platform\OS_Win32.cpp">
      <Filter>Source Files\Utils\Platform</Filter>
    </ClCompile>
    <ClCompile Include="source\Utils\Platform\OS_Common.cpp">
      <Filter>Source Files\Utils\Platform</Filter>
    </ClCompile>
    <ClCompile Include="source\Utils\String.cpp">
      <Filter>Source Files\Utils</Filter>
    </ClCompile>
    <ClCompile Include="source\Utils\Platform\MonitorInfo_Win32.cpp">
      <Filter>Source Files\Utils\Platform</Filter>
    </ClCompile>
    <ClCompile Include="source\Utils\Object.cpp">
      <Filter>Source Files\Utils</Filter>
    </ClCompile>
    <ClCompile Include="source\ApplicationBase.cpp">
      <Filter>Source Files</Filter>
    </ClCompile>
  </ItemGroup>
  <ItemGroup>
    <ResourceCompile Include="source\resource.rc">
      <Filter>Resources</Filter>
    </ResourceCompile>
  </ItemGroup>
</Project>